
Microsoft Visual Studio Solution File, Format Version 12.00
# Visual Studio Version 17
VisualStudioVersion = 17.9.34723.18
MinimumVisualStudioVersion = 10.0.40219.1
Project("{9A19103F-16F7-4668-BE54-9A1E7A4F7556}") = "MindBox_Test", "MindBox_Test\MindBox_Test.csproj", "{E7D6886E-83BD-4352-88F4-A51DC18F2AE5}"
EndProject
Project("{FAE04EC0-301F-11D3-BF4B-00C04F79EFBC}") = "UnitTests", "UnitTests\UnitTests.csproj", "{E5D361D0-BF67-4B29-8D7E-F00D0727966F}"
EndProject
Global
	GlobalSection(SolutionConfigurationPlatforms) = preSolution
		Debug|Any CPU = Debug|Any CPU
		Release|Any CPU = Release|Any CPU
	EndGlobalSection
	GlobalSection(ProjectConfigurationPlatforms) = postSolution
		{E7D6886E-83BD-4352-88F4-A51DC18F2AE5}.Debug|Any CPU.ActiveCfg = Debug|Any CPU
		{E7D6886E-83BD-4352-88F4-A51DC18F2AE5}.Debug|Any CPU.Build.0 = Debug|Any CPU
		{E7D6886E-83BD-4352-88F4-A51DC18F2AE5}.Release|Any CPU.ActiveCfg = Release|Any CPU
		{E7D6886E-83BD-4352-88F4-A51DC18F2AE5}.Release|Any CPU.Build.0 = Release|Any CPU
		{E5D361D0-BF67-4B29-8D7E-F00D0727966F}.Debug|Any CPU.ActiveCfg = Debug|Any CPU
		{E5D361D0-BF67-4B29-8D7E-F00D0727966F}.Debug|Any CPU.Build.0 = Debug|Any CPU
		{E5D361D0-BF67-4B29-8D7E-F00D0727966F}.Release|Any CPU.ActiveCfg = Release|Any CPU
		{E5D361D0-BF67-4B29-8D7E-F00D0727966F}.Release|Any CPU.Build.0 = Release|Any CPU
	EndGlobalSection
	GlobalSection(SolutionProperties) = preSolution
		HideSolutionNode = FALSE
	EndGlobalSection
	GlobalSection(ExtensibilityGlobals) = postSolution
		SolutionGuid = {03B83CF4-9E3F-4662-925D-A0415CE123C8}
	EndGlobalSection
EndGlobal
